
Microsoft Visual Studio Solution File, Format Version 12.00
# Visual Studio Version 16
VisualStudioVersion = 16.0.31729.503
MinimumVisualStudioVersion = 10.0.40219.1
Project("{FAE04EC0-301F-11D3-BF4B-00C04F79EFBC}") = "RazorCurrencyConverter", "RazorCurrencyConverter.csproj", "{CC53C597-828B-47A6-BE4A-04264425D188}"
EndProject
Global
	GlobalSection(SolutionConfigurationPlatforms) = preSolution
		Debug|Any CPU = Debug|Any CPU
		Release|Any CPU = Release|Any CPU
	EndGlobalSection
	GlobalSection(ProjectConfigurationPlatforms) = postSolution
		{CC53C597-828B-47A6-BE4A-04264425D188}.Debug|Any CPU.ActiveCfg = Debug|Any CPU
		{CC53C597-828B-47A6-BE4A-04264425D188}.Debug|Any CPU.Build.0 = Debug|Any CPU
		{CC53C597-828B-47A6-BE4A-04264425D188}.Release|Any CPU.ActiveCfg = Release|Any CPU
		{CC53C597-828B-47A6-BE4A-04264425D188}.Release|Any CPU.Build.0 = Release|Any CPU
	EndGlobalSection
	GlobalSection(SolutionProperties) = preSolution
		HideSolutionNode = FALSE
	EndGlobalSection
	GlobalSection(ExtensibilityGlobals) = postSolution
		SolutionGuid = {834E461E-A234-4247-A545-EA6812BE5459}
	EndGlobalSection
EndGlobal
